# Generated with Python 3.12.13 after `pip install -e ".[dev,data,api]"`.
# The engine itself needs only PyYAML; the rest support data download, the API, and tooling.
annotated-doc==0.0.5
annotated-types==0.8.0
anyio==4.14.2
beautifulsoup4==4.15.0
certifi==2026.7.22
cffi==2.1.1
cfgv==3.5.0
charset-normalizer==3.5.1
click==8.4.2
colorama==0.4.6
curl_cffi==0.16.0
distlib==0.4.3
fastapi==0.141.1
filelock==3.32.3
h11==0.16.0
httpcore==1.0.9
httpcore2==2.12.0
httptools==0.8.0
httpx==0.28.1
httpx2==2.12.0
identify==2.6.19
idna==3.19
iniconfig==2.3.0
librt==0.15.0
lxml==6.1.2
multitasking==0.0.13
mypy==1.20.2
mypy_extensions==1.1.0
nodeenv==1.10.0
numpy==2.5.2
packaging==26.3
pandas==3.0.5
pathspec==1.1.1
peewee==4.3.0
platformdirs==4.11.3
pluggy==1.6.0
pre_commit==4.6.2
protobuf==7.35.1
pycparser==3.0
pydantic==2.13.4
pydantic_core==2.46.4
Pygments==2.21.0
pytest==9.1.1
python-dateutil==2.9.0.post0
python-discovery==1.5.2
python-dotenv==1.2.3
pytz==2026.3.post1
PyYAML==6.0.3
-e git+https://github.com/atipongsena/quantlab-v1.git@f1ef45b9618ec6c922575428a95f5d3ebd97a816#egg=quantlab
requests==2.34.2
ruff==0.16.3
six==1.17.0
soupsieve==2.9.2
starlette==1.6.0
truststore==0.10.4
typing-inspection==0.4.4
typing_extensions==4.16.0
tzdata==2026.3
urllib3==2.7.0
uvicorn==0.52.4
virtualenv==21.7.4
watchfiles==1.2.0
websockets==17.0.1
yfinance==1.6.0
